{
  "name": "tartest",
  "version": "1.0.0",
  "lockfileVersion": 3,
  "requires": true,
  "packages": {
    "": {
      "name": "tartest",
      "version": "1.0.0",
      "license": "ISC",
      "dependencies": {
        "tarsec": "^0.0.18"
      }
    },
    "node_modules/tarsec": {
      "version": "0.0.18",
      "resolved": "https://registry.npmjs.org/tarsec/-/tarsec-0.0.18.tgz",
      "integrity": "sha512-g1OZ7VyyaIjHT1KXI6o8tdebJT1WrC3801+RGw2mEEWc6S2gVC5aBDUZZRbxeUPkekMR5R/+ba6s8UfsJv8n8w=="
    }
  }
}
